{
  "version": 3,
  "targets": {
    ".NETCoreApp,Version=v2.1": {
      "Paket/5.200.4": {
        "type": "package"
      }
    },
    ".NETCoreApp,Version=v2.1/any": {
      "Paket/5.200.4": {
        "type": "package",
        "tools": {
          "tools/netcoreapp2.1/any/Argu.dll": {},
          "tools/netcoreapp2.1/any/Chessie.dll": {},
          "tools/netcoreapp2.1/any/DotnetToolSettings.xml": {},
          "tools/netcoreapp2.1/any/FSharp.Core.dll": {},
          "tools/netcoreapp2.1/any/Mono.Cecil.Mdb.dll": {},
          "tools/netcoreapp2.1/any/Mono.Cecil.Pdb.dll": {},
          "tools/netcoreapp2.1/any/Mono.Cecil.Rocks.dll": {},
          "tools/netcoreapp2.1/any/Mono.Cecil.dll": {},
          "tools/netcoreapp2.1/any/Newtonsoft.Json.dll": {},
          "tools/netcoreapp2.1/any/Paket.Core.dll": {},
          "tools/netcoreapp2.1/any/Paket.Core.dll.config": {},
          "tools/netcoreapp2.1/any/Paket.Core.pdb": {},
          "tools/netcoreapp2.1/any/System.Configuration.ConfigurationManager.dll": {},
          "tools/netcoreapp2.1/any/System.Net.Http.WinHttpHandler.dll": {},
          "tools/netcoreapp2.1/any/System.Runtime.CompilerServices.Unsafe.dll": {},
          "tools/netcoreapp2.1/any/System.Security.Cryptography.ProtectedData.dll": {},
          "tools/netcoreapp2.1/any/cs/FSharp.Core.resources.dll": {},
          "tools/netcoreapp2.1/any/de/FSharp.Core.resources.dll": {},
          "tools/netcoreapp2.1/any/en/FSharp.Core.resources.dll": {},
          "tools/netcoreapp2.1/any/es/FSharp.Core.resources.dll": {},
          "tools/netcoreapp2.1/any/fr/FSharp.Core.resources.dll": {},
          "tools/netcoreapp2.1/any/it/FSharp.Core.resources.dll": {},
          "tools/netcoreapp2.1/any/ja/FSharp.Core.resources.dll": {},
          "tools/netcoreapp2.1/any/ko/FSharp.Core.resources.dll": {},
          "tools/netcoreapp2.1/any/paket.deps.json": {},
          "tools/netcoreapp2.1/any/paket.dll": {},
          "tools/netcoreapp2.1/any/paket.pdb": {},
          "tools/netcoreapp2.1/any/paket.runtimeconfig.json": {},
          "tools/netcoreapp2.1/any/pl/FSharp.Core.resources.dll": {},
          "tools/netcoreapp2.1/any/pt-BR/FSharp.Core.resources.dll": {},
          "tools/netcoreapp2.1/any/ru/FSharp.Core.resources.dll": {},
          "tools/netcoreapp2.1/any/runtimes/win/lib/netstandard2.0/System.Net.Http.WinHttpHandler.dll": {},
          "tools/netcoreapp2.1/any/runtimes/win/lib/netstandard2.0/System.Security.Cryptography.ProtectedData.dll": {},
          "tools/netcoreapp2.1/any/tr/FSharp.Core.resources.dll": {},
          "tools/netcoreapp2.1/any/zh-Hans/FSharp.Core.resources.dll": {},
          "tools/netcoreapp2.1/any/zh-Hant/FSharp.Core.resources.dll": {}
        }
      }
    }
  },
  "libraries": {
    "Paket/5.200.4": {
      "sha512": "boJDVfWKyL5FP2Hc5l/FAbh5FSfdsvFjlb8ar82FtNsgo/qG0yS1dlzxpfOGCBDHpS1ghA8BiVdTZ98BU2YwqA==",
      "type": "package",
      "path": "paket/5.200.4",
      "hasTools": true,
      "files": [
        ".nupkg.metadata",
        ".signature.p7s",
        "paket.5.200.4.nupkg.sha512",
        "paket.nuspec",
        "tools/netcoreapp2.1/any/Argu.dll",
        "tools/netcoreapp2.1/any/Chessie.dll",
        "tools/netcoreapp2.1/any/DotnetToolSettings.xml",
        "tools/netcoreapp2.1/any/FSharp.Core.dll",
        "tools/netcoreapp2.1/any/Mono.Cecil.Mdb.dll",
        "tools/netcoreapp2.1/any/Mono.Cecil.Pdb.dll",
        "tools/netcoreapp2.1/any/Mono.Cecil.Rocks.dll",
        "tools/netcoreapp2.1/any/Mono.Cecil.dll",
        "tools/netcoreapp2.1/any/Newtonsoft.Json.dll",
        "tools/netcoreapp2.1/any/Paket.Core.dll",
        "tools/netcoreapp2.1/any/Paket.Core.dll.config",
        "tools/netcoreapp2.1/any/Paket.Core.pdb",
        "tools/netcoreapp2.1/any/System.Configuration.ConfigurationManager.dll",
        "tools/netcoreapp2.1/any/System.Net.Http.WinHttpHandler.dll",
        "tools/netcoreapp2.1/any/System.Runtime.CompilerServices.Unsafe.dll",
        "tools/netcoreapp2.1/any/System.Security.Cryptography.ProtectedData.dll",
        "tools/netcoreapp2.1/any/cs/FSharp.Core.resources.dll",
        "tools/netcoreapp2.1/any/de/FSharp.Core.resources.dll",
        "tools/netcoreapp2.1/any/en/FSharp.Core.resources.dll",
        "tools/netcoreapp2.1/any/es/FSharp.Core.resources.dll",
        "tools/netcoreapp2.1/any/fr/FSharp.Core.resources.dll",
        "tools/netcoreapp2.1/any/it/FSharp.Core.resources.dll",
        "tools/netcoreapp2.1/any/ja/FSharp.Core.resources.dll",
        "tools/netcoreapp2.1/any/ko/FSharp.Core.resources.dll",
        "tools/netcoreapp2.1/any/paket.deps.json",
        "tools/netcoreapp2.1/any/paket.dll",
        "tools/netcoreapp2.1/any/paket.pdb",
        "tools/netcoreapp2.1/any/paket.runtimeconfig.json",
        "tools/netcoreapp2.1/any/pl/FSharp.Core.resources.dll",
        "tools/netcoreapp2.1/any/pt-BR/FSharp.Core.resources.dll",
        "tools/netcoreapp2.1/any/ru/FSharp.Core.resources.dll",
        "tools/netcoreapp2.1/any/runtimes/win/lib/netstandard2.0/System.Net.Http.WinHttpHandler.dll",
        "tools/netcoreapp2.1/any/runtimes/win/lib/netstandard2.0/System.Security.Cryptography.ProtectedData.dll",
        "tools/netcoreapp2.1/any/tr/FSharp.Core.resources.dll",
        "tools/netcoreapp2.1/any/zh-Hans/FSharp.Core.resources.dll",
        "tools/netcoreapp2.1/any/zh-Hant/FSharp.Core.resources.dll",
        "tools/paket.exe"
      ]
    }
  },
  "projectFileDependencyGroups": {
    ".NETCoreApp,Version=v2.1": [
      "paket"
    ]
  },
  "packageFolders": {
    "C:\\Users\\samposi\\Documents\\FsRailway\\.paket\\.store\\.stage\\ht2b2vgn.uxq": {}
  },
  "project": {
    "version": "1.0.0",
    "restore": {
      "projectUniqueName": "C:\\Users\\samposi\\AppData\\Local\\Temp\\c5or1nl4.rce\\restore.csproj",
      "projectName": "restore",
      "projectPath": "C:\\Users\\samposi\\AppData\\Local\\Temp\\c5or1nl4.rce\\restore.csproj",
      "packagesPath": "C:\\Users\\samposi\\Documents\\FsRailway\\.paket\\.store\\.stage\\ht2b2vgn.uxq",
      "outputPath": "C:\\Users\\samposi\\Documents\\FsRailway\\.paket\\.store\\.stage\\ht2b2vgn.uxq\\",
      "projectStyle": "DotnetToolReference",
      "configFilePaths": [
        "C:\\Users\\samposi\\AppData\\Roaming\\NuGet\\NuGet.Config",
        "C:\\Program Files (x86)\\NuGet\\Config\\Microsoft.VisualStudio.Offline.config"
      ],
      "originalTargetFrameworks": [
        "netcoreapp2.1"
      ],
      "sources": {
        "C:\\Program Files (x86)\\Microsoft SDKs\\NuGetPackages\\": {},
        "C:\\Program Files\\dotnet\\sdk\\NuGetFallbackFolder": {},
        "https://api.nuget.org/v3/index.json": {}
      },
      "frameworks": {
        "netcoreapp2.1": {
          "projectReferences": {}
        }
      },
      "warningProperties": {
        "warnAsError": [
          "NU1605"
        ]
      }
    },
    "frameworks": {
      "netcoreapp2.1": {
        "dependencies": {
          "paket": {
            "target": "Package",
            "version": "(, )"
          }
        },
        "imports": [
          "net461"
        ],
        "assetTargetFallback": true,
        "warn": true
      }
    },
    "runtimes": {
      "any": {
        "#import": []
      }
    }
  }
}